
Microsoft Visual Studio Solution File, Format Version 12.00
# Visual Studio Version 16
VisualStudioVersion = 16.0.30523.141
MinimumVisualStudioVersion = 10.0.40219.1
Project("{2150E333-8FDC-42A3-9474-1A3956D46DE8}") = "src", "src", "{50CA91A6-C789-4632-82B2-29B7BA5F699F}"
EndProject
Project("{2150E333-8FDC-42A3-9474-1A3956D46DE8}") = "Functions", "Functions", "{A01936FA-DC17-4194-9EB7-335CE83F2903}"
EndProject
Project("{2150E333-8FDC-42A3-9474-1A3956D46DE8}") = "WebApp", "WebApp", "{F358E04F-9729-483E-80D8-5A4BD394EE2A}"
EndProject
Project("{9A19103F-16F7-4668-BE54-9A1E7A4F7556}") = "CognitiveApi", "src\Functions\CognitiveApi\CognitiveApi.csproj", "{123B8862-F0B8-4379-A758-B99D356B4520}"
EndProject
Project("{9A19103F-16F7-4668-BE54-9A1E7A4F7556}") = "BlazorClient", "src\WebApp\BlazorClient\BlazorClient.csproj", "{98F637B1-E9D9-49B4-8590-11CC9AFA05C4}"
EndProject
Project("{2150E333-8FDC-42A3-9474-1A3956D46DE8}") = "Infrastructure", "Infrastructure", "{77C35652-7869-42E1-8C46-63EA304F3691}"
EndProject
Project("{FAE04EC0-301F-11D3-BF4B-00C04F79EFBC}") = "Shared", "src\Infrastructure\Shared\Shared.csproj", "{9450208D-E9F5-4B2E-9B0F-3BB1E0E16643}"
EndProject
Project("{2150E333-8FDC-42A3-9474-1A3956D46DE8}") = "Services", "Services", "{55F10BBB-5529-40D9-A403-6689493DABC8}"
EndProject
Project("{FAE04EC0-301F-11D3-BF4B-00C04F79EFBC}") = "Job.Api", "src\Services\Job.Api\Job.Api.csproj", "{EEF8D082-1AD1-4A8A-99A2-2888091F8C8F}"
EndProject
Global
	GlobalSection(SolutionConfigurationPlatforms) = preSolution
		Debug|Any CPU = Debug|Any CPU
		Release|Any CPU = Release|Any CPU
	EndGlobalSection
	GlobalSection(ProjectConfigurationPlatforms) = postSolution
		{123B8862-F0B8-4379-A758-B99D356B4520}.Debug|Any CPU.ActiveCfg = Debug|Any CPU
		{123B8862-F0B8-4379-A758-B99D356B4520}.Debug|Any CPU.Build.0 = Debug|Any CPU
		{123B8862-F0B8-4379-A758-B99D356B4520}.Release|Any CPU.ActiveCfg = Release|Any CPU
		{123B8862-F0B8-4379-A758-B99D356B4520}.Release|Any CPU.Build.0 = Release|Any CPU
		{98F637B1-E9D9-49B4-8590-11CC9AFA05C4}.Debug|Any CPU.ActiveCfg = Debug|Any CPU
		{98F637B1-E9D9-49B4-8590-11CC9AFA05C4}.Debug|Any CPU.Build.0 = Debug|Any CPU
		{98F637B1-E9D9-49B4-8590-11CC9AFA05C4}.Release|Any CPU.ActiveCfg = Release|Any CPU
		{98F637B1-E9D9-49B4-8590-11CC9AFA05C4}.Release|Any CPU.Build.0 = Release|Any CPU
		{9450208D-E9F5-4B2E-9B0F-3BB1E0E16643}.Debug|Any CPU.ActiveCfg = Debug|Any CPU
		{9450208D-E9F5-4B2E-9B0F-3BB1E0E16643}.Debug|Any CPU.Build.0 = Debug|Any CPU
		{9450208D-E9F5-4B2E-9B0F-3BB1E0E16643}.Release|Any CPU.ActiveCfg = Release|Any CPU
		{9450208D-E9F5-4B2E-9B0F-3BB1E0E16643}.Release|Any CPU.Build.0 = Release|Any CPU
		{EEF8D082-1AD1-4A8A-99A2-2888091F8C8F}.Debug|Any CPU.ActiveCfg = Debug|Any CPU
		{EEF8D082-1AD1-4A8A-99A2-2888091F8C8F}.Debug|Any CPU.Build.0 = Debug|Any CPU
		{EEF8D082-1AD1-4A8A-99A2-2888091F8C8F}.Release|Any CPU.ActiveCfg = Release|Any CPU
		{EEF8D082-1AD1-4A8A-99A2-2888091F8C8F}.Release|Any CPU.Build.0 = Release|Any CPU
	EndGlobalSection
	GlobalSection(SolutionProperties) = preSolution
		HideSolutionNode = FALSE
	EndGlobalSection
	GlobalSection(NestedProjects) = preSolution
		{A01936FA-DC17-4194-9EB7-335CE83F2903} = {50CA91A6-C789-4632-82B2-29B7BA5F699F}
		{F358E04F-9729-483E-80D8-5A4BD394EE2A} = {50CA91A6-C789-4632-82B2-29B7BA5F699F}
		{123B8862-F0B8-4379-A758-B99D356B4520} = {A01936FA-DC17-4194-9EB7-335CE83F2903}
		{98F637B1-E9D9-49B4-8590-11CC9AFA05C4} = {F358E04F-9729-483E-80D8-5A4BD394EE2A}
		{77C35652-7869-42E1-8C46-63EA304F3691} = {50CA91A6-C789-4632-82B2-29B7BA5F699F}
		{9450208D-E9F5-4B2E-9B0F-3BB1E0E16643} = {77C35652-7869-42E1-8C46-63EA304F3691}
		{55F10BBB-5529-40D9-A403-6689493DABC8} = {50CA91A6-C789-4632-82B2-29B7BA5F699F}
		{EEF8D082-1AD1-4A8A-99A2-2888091F8C8F} = {55F10BBB-5529-40D9-A403-6689493DABC8}
	EndGlobalSection
	GlobalSection(ExtensibilityGlobals) = postSolution
		SolutionGuid = {CB83648F-7D9F-4D54-B329-E4181B2BF029}
	EndGlobalSection
EndGlobal
